
Microsoft Visual Studio Solution File, Format Version 12.00
# Visual Studio 15
VisualStudioVersion = 15.0.28307.852
MinimumVisualStudioVersion = 10.0.40219.1
Project("{FAE04EC0-301F-11D3-BF4B-00C04F79EFBC}") = "DxxBrowser", "DmmBrowser\DxxBrowser.csproj", "{847B7BFC-9CA6-4A1F-B123-848671A11D36}"
EndProject
Global
	GlobalSection(SolutionConfigurationPlatforms) = preSolution
		Debug|Any CPU = Debug|Any CPU
		Release|Any CPU = Release|Any CPU
	EndGlobalSection
	GlobalSection(ProjectConfigurationPlatforms) = postSolution
		{847B7BFC-9CA6-4A1F-B123-848671A11D36}.Debug|Any CPU.ActiveCfg = Debug|Any CPU
		{847B7BFC-9CA6-4A1F-B123-848671A11D36}.Debug|Any CPU.Build.0 = Debug|Any CPU
		{847B7BFC-9CA6-4A1F-B123-848671A11D36}.Release|Any CPU.ActiveCfg = Release|Any CPU
		{847B7BFC-9CA6-4A1F-B123-848671A11D36}.Release|Any CPU.Build.0 = Release|Any CPU
	EndGlobalSection
	GlobalSection(SolutionProperties) = preSolution
		HideSolutionNode = FALSE
	EndGlobalSection
	GlobalSection(ExtensibilityGlobals) = postSolution
		SolutionGuid = {CF9E609D-32EC-4F5C-BA66-7FAE02EB5440}
	EndGlobalSection
EndGlobal
